<?xml version="1.0" encoding="utf-8"?>
<Project ToolsVersion="4.0" xmlns="http://schemas.microsoft.com/developer/msbuild/2003">
  <ItemGroup>
    <Filter Include="Source Files">
      <UniqueIdentifier>{4FC737F1-C7A5-4376-A066-2A32D752A2FF}</UniqueIdentifier>
      <Extensions>cpp;c;cc;cxx;def;odl;idl;hpj;bat;asm;asmx</Extensions>
    </Filter>
    <Filter Include="Header Files">
      <UniqueIdentifier>{93995380-89BD-4b04-88EB-625FBE52EBFB}</UniqueIdentifier>
      <Extensions>h;hh;hpp;hxx;hm;inl;inc;ipp;xsd</Extensions>
    </Filter>
    <Filter Include="Resource Files">
      <UniqueIdentifier>{67DA6AB6-F800-4c08-8B7A-83BB121AAD01}</UniqueIdentifier>
      <Extensions>rc;ico;cur;bmp;dlg;rc2;rct;bin;rgs;gif;jpg;jpeg;jpe;resx;tiff;tif;png;wav;mfcribbon-ms</Extensions>
    </Filter>
    <Filter Include="Source Files\Behaviours">
      <UniqueIdentifier>{86cef93c-52aa-4bd8-a168-d8a2388c0e5a}</UniqueIdentifier>
    </Filter>
    <Filter Include="Header Files\Behaviours">
      <UniqueIdentifier>{83d4f2a1-d38f-443f-a747-4fc50b0f3cbf}</UniqueIdentifier>
    </Filter>
    <Filter Include="Source Files\Behaviours\Steering">
      <UniqueIdentifier>{655bc495-9707-460c-988c-640c0f4012ec}</UniqueIdentifier>
    </Filter>
    <Filter Include="Header Files\Behaviours\Steering">
      <UniqueIdentifier>{f1ab0740-fd9e-41f6-826c-71d9a43084c5}</UniqueIdentifier>
    </Filter>
    <Filter Include="Header Files\Behaviours\Button">
      <UniqueIdentifier>{bf8cc860-4e8e-450e-9c87-e5a4d56f6c97}</UniqueIdentifier>
    </Filter>
    <Filter Include="Source Files\Behaviours\Button">
      <UniqueIdentifier>{f65bc163-3af3-41b4-8b82-8787ba395ec0}</UniqueIdentifier>
    </Filter>
    <Filter Include="Header Files\Behaviours\Button\Functions">
      <UniqueIdentifier>{9d8d9f30-4e56-48d1-a210-71fc0792790e}</UniqueIdentifier>
    </Filter>
    <Filter Include="Source Files\Behaviours\Button\Functions">
      <UniqueIdentifier>{72656b55-510a-43e5-a252-f27b9a8e2005}</UniqueIdentifier>
    </Filter>
  </ItemGroup>
  <ItemGroup>
    <ClCompile Include="Source.cpp">
      <Filter>Source Files</Filter>
    </ClCompile>
    <ClCompile Include="Character.cpp">
      <Filter>Source Files</Filter>
    </ClCompile>
    <ClCompile Include="GameManager.cpp">
      <Filter>Source Files</Filter>
    </ClCompile>
    <ClCompile Include="Behaviour.cpp">
      <Filter>Source Files\Behaviours</Filter>
    </ClCompile>
    <ClCompile Include="MouseAttach.cpp">
      <Filter>Source Files\Behaviours</Filter>
    </ClCompile>
    <ClCompile Include="Arrive.cpp">
      <Filter>Source Files\Behaviours\Steering</Filter>
    </ClCompile>
    <ClCompile Include="Flee.cpp">
      <Filter>Source Files\Behaviours\Steering</Filter>
    </ClCompile>
    <ClCompile Include="Seek.cpp">
      <Filter>Source Files\Behaviours\Steering</Filter>
    </ClCompile>
    <ClCompile Include="Wander.cpp">
      <Filter>Source Files\Behaviours\Steering</Filter>
    </ClCompile>
    <ClCompile Include="Pursuit.cpp">
      <Filter>Source Files\Behaviours\Steering</Filter>
    </ClCompile>
    <ClCompile Include="Button.cpp">
      <Filter>Source Files\Behaviours\Button</Filter>
    </ClCompile>
    <ClCompile Include="ButtonFunction.cpp">
      <Filter>Source Files\Behaviours\Button\Functions</Filter>
    </ClCompile>
    <ClCompile Include="Loader.cpp">
      <Filter>Source Files\Behaviours\Button\Functions</Filter>
    </ClCompile>
    <ClCompile Include="LevelFactory.cpp">
      <Filter>Source Files</Filter>
    </ClCompile>
  </ItemGroup>
  <ItemGroup>
    <ClInclude Include="GameManager.h">
      <Filter>Header Files</Filter>
    </ClInclude>
    <ClInclude Include="Behaviour.h">
      <Filter>Header Files\Behaviours</Filter>
    </ClInclude>
    <ClInclude Include="MouseAttach.h">
      <Filter>Header Files\Behaviours</Filter>
    </ClInclude>
    <ClInclude Include="Character.h">
      <Filter>Header Files</Filter>
    </ClInclude>
    <ClInclude Include="Arrive.h">
      <Filter>Header Files\Behaviours\Steering</Filter>
    </ClInclude>
    <ClInclude Include="Flee.h">
      <Filter>Header Files\Behaviours\Steering</Filter>
    </ClInclude>
    <ClInclude Include="Seek.h">
      <Filter>Header Files\Behaviours\Steering</Filter>
    </ClInclude>
    <ClInclude Include="Wander.h">
      <Filter>Header Files\Behaviours\Steering</Filter>
    </ClInclude>
    <ClInclude Include="Pursuit.h">
      <Filter>Header Files\Behaviours\Steering</Filter>
    </ClInclude>
    <ClInclude Include="Button.h">
      <Filter>Header Files\Behaviours\Button</Filter>
    </ClInclude>
    <ClInclude Include="ButtonFunction.h">
      <Filter>Header Files\Behaviours\Button\Functions</Filter>
    </ClInclude>
    <ClInclude Include="Loader.h">
      <Filter>Header Files\Behaviours\Button\Functions</Filter>
    </ClInclude>
    <ClInclude Include="Externs.h">
      <Filter>Header Files</Filter>
    </ClInclude>
    <ClInclude Include="LevelFactory.h">
      <Filter>Header Files</Filter>
    </ClInclude>
  </ItemGroup>
</Project>